{
  "nodes": {
    "flake-utils": {
      "locked": {
        "lastModified": 1667395993,
        "narHash": "sha256-nuEHfE/LcWyuSWnS8t12N1wc105Qtau+/OdUAjtQ0rA=",
        "owner": "numtide",
        "repo": "flake-utils",
        "rev": "5aed5285a952e0b949eb3ba02c12fa4fcfef535f",
        "type": "github"
      },
      "original": {
        "owner": "numtide",
        "repo": "flake-utils",
        "type": "github"
      }
    },
    "nixpkgs": {
      "locked": {
        "lastModified": 1669635185,
        "narHash": "sha256-vYg6GjnsEWNWt/4TmfFN9WtQmSXb4S796J2UOfyTcW0=",
        "ref": "refs/heads/rootfs",
        "rev": "3176ddef4b4cec85faa2f49d29ce74816d452dc0",
        "revCount": 429673,
        "type": "git",
        "url": "https://spectrum-os.org/git/nixpkgs/"
      },
      "original": {
        "ref": "refs/heads/rootfs",
        "type": "git",
        "url": "https://spectrum-os.org/git/nixpkgs/"
      }
    },
    "root": {
      "inputs": {
        "flake-utils": "flake-utils",
        "nixpkgs": "nixpkgs"
      }
    }
  },
  "root": "root",
  "version": 7
}
